
Microsoft Visual Studio Solution File, Format Version 12.00
# Visual Studio Version 17
VisualStudioVersion = 17.3.32804.467
MinimumVisualStudioVersion = 10.0.40219.1
Project("{FAE04EC0-301F-11D3-BF4B-00C04F79EFBC}") = "CoreProject", "CoreProject.csproj", "{88879A2F-DF43-4949-AC10-895C3AEF1711}"
EndProject
Global
	GlobalSection(SolutionConfigurationPlatforms) = preSolution
		Debug|Any CPU = Debug|Any CPU
		Release|Any CPU = Release|Any CPU
	EndGlobalSection
	GlobalSection(ProjectConfigurationPlatforms) = postSolution
		{88879A2F-DF43-4949-AC10-895C3AEF1711}.Debug|Any CPU.ActiveCfg = Debug|Any CPU
		{88879A2F-DF43-4949-AC10-895C3AEF1711}.Debug|Any CPU.Build.0 = Debug|Any CPU
		{88879A2F-DF43-4949-AC10-895C3AEF1711}.Release|Any CPU.ActiveCfg = Release|Any CPU
		{88879A2F-DF43-4949-AC10-895C3AEF1711}.Release|Any CPU.Build.0 = Release|Any CPU
	EndGlobalSection
	GlobalSection(SolutionProperties) = preSolution
		HideSolutionNode = FALSE
	EndGlobalSection
	GlobalSection(ExtensibilityGlobals) = postSolution
		SolutionGuid = {71542D43-7574-4BD6-ACA0-0E06B415D00E}
	EndGlobalSection
EndGlobal
